
Microsoft Visual Studio Solution File, Format Version 12.00
# Visual Studio Version 17
VisualStudioVersion = 17.5.33414.496
MinimumVisualStudioVersion = 10.0.40219.1
Project("{FAE04EC0-301F-11D3-BF4B-00C04F79EFBC}") = "Tarsalgo", "Tarsalgo\Tarsalgo.csproj", "{42AFD2BB-6352-4FE7-9F90-9CCF5C0C4FA6}"
EndProject
Global
	GlobalSection(SolutionConfigurationPlatforms) = preSolution
		Debug|Any CPU = Debug|Any CPU
		Release|Any CPU = Release|Any CPU
	EndGlobalSection
	GlobalSection(ProjectConfigurationPlatforms) = postSolution
		{42AFD2BB-6352-4FE7-9F90-9CCF5C0C4FA6}.Debug|Any CPU.ActiveCfg = Debug|Any CPU
		{42AFD2BB-6352-4FE7-9F90-9CCF5C0C4FA6}.Debug|Any CPU.Build.0 = Debug|Any CPU
		{42AFD2BB-6352-4FE7-9F90-9CCF5C0C4FA6}.Release|Any CPU.ActiveCfg = Release|Any CPU
		{42AFD2BB-6352-4FE7-9F90-9CCF5C0C4FA6}.Release|Any CPU.Build.0 = Release|Any CPU
	EndGlobalSection
	GlobalSection(SolutionProperties) = preSolution
		HideSolutionNode = FALSE
	EndGlobalSection
	GlobalSection(ExtensibilityGlobals) = postSolution
		SolutionGuid = {1CE40755-1781-40A6-B6D2-387D89A57550}
	EndGlobalSection
EndGlobal
